
Microsoft Visual Studio Solution File, Format Version 12.00
# Visual Studio Version 16
VisualStudioVersion = 16.0.31613.86
MinimumVisualStudioVersion = 10.0.40219.1
Project("{FAE04EC0-301F-11D3-BF4B-00C04F79EFBC}") = "ApiCatalogoJogosDIO", "ApiCatalogoJogosDIO.csproj", "{F6BE2DEA-5EC0-4B8B-AA2D-15C363D67CEB}"
EndProject
Global
	GlobalSection(SolutionConfigurationPlatforms) = preSolution
		Debug|Any CPU = Debug|Any CPU
		Release|Any CPU = Release|Any CPU
	EndGlobalSection
	GlobalSection(ProjectConfigurationPlatforms) = postSolution
		{F6BE2DEA-5EC0-4B8B-AA2D-15C363D67CEB}.Debug|Any CPU.ActiveCfg = Debug|Any CPU
		{F6BE2DEA-5EC0-4B8B-AA2D-15C363D67CEB}.Debug|Any CPU.Build.0 = Debug|Any CPU
		{F6BE2DEA-5EC0-4B8B-AA2D-15C363D67CEB}.Release|Any CPU.ActiveCfg = Release|Any CPU
		{F6BE2DEA-5EC0-4B8B-AA2D-15C363D67CEB}.Release|Any CPU.Build.0 = Release|Any CPU
	EndGlobalSection
	GlobalSection(SolutionProperties) = preSolution
		HideSolutionNode = FALSE
	EndGlobalSection
	GlobalSection(ExtensibilityGlobals) = postSolution
		SolutionGuid = {E05C37B1-7158-42BF-97BF-1ECD54CD8598}
	EndGlobalSection
EndGlobal
